Microsoft Visual Studio Solution File, Format Version 12.00
# Visual Studio Version 17
VisualStudioVersion = 17.5.2.0
MinimumVisualStudioVersion = 10.0.40219.1
Project("{FAE04EC0-301F-11D3-BF4B-00C04F79EFBC}") = "TP_UML_Diagramme_Classe", "TP_UML_Diagramme_Classe.csproj", "{006E5650-D4DC-0DA3-D8A5-D0F619D5096F}"
EndProject
Global
	GlobalSection(SolutionConfigurationPlatforms) = preSolution
		Debug|Any CPU = Debug|Any CPU
		Release|Any CPU = Release|Any CPU
	EndGlobalSection
	GlobalSection(ProjectConfigurationPlatforms) = postSolution
		{006E5650-D4DC-0DA3-D8A5-D0F619D5096F}.Debug|Any CPU.ActiveCfg = Debug|Any CPU
		{006E5650-D4DC-0DA3-D8A5-D0F619D5096F}.Debug|Any CPU.Build.0 = Debug|Any CPU
		{006E5650-D4DC-0DA3-D8A5-D0F619D5096F}.Release|Any CPU.ActiveCfg = Release|Any CPU
		{006E5650-D4DC-0DA3-D8A5-D0F619D5096F}.Release|Any CPU.Build.0 = Release|Any CPU
	EndGlobalSection
	GlobalSection(SolutionProperties) = preSolution
		HideSolutionNode = FALSE
	EndGlobalSection
	GlobalSection(ExtensibilityGlobals) = postSolution
		SolutionGuid = {B22138E8-2B1A-41BD-8884-74E0573814D0}
	EndGlobalSection
EndGlobal
